// !$*UTF8*$!
{
	archiveVersion = 1;
	classes = {
	};
	objectVersion = 55;
	objects = {

/* Begin PBXBuildFile section */
		A2C83081C7F611FFCB4485E6 /* Pods_Carplay_Test.framework in Frameworks */ = {isa = PBXBuildFile; fileRef = 7CBA6392A3E38361B3BCEB9C /* Pods_Carplay_Test.framework */; };
		F728948928AEACBB00BF125E /* AppDelegate.swift in Sources */ = {isa = PBXBuildFile; fileRef = F728948828AEACBB00BF125E /* AppDelegate.swift */; };
		F728948B28AEACBB00BF125E /* SceneDelegate.swift in Sources */ = {isa = PBXBuildFile; fileRef = F728948A28AEACBB00BF125E /* SceneDelegate.swift */; };
		F728948D28AEACBB00BF125E /* ViewController.swift in Sources */ = {isa = PBXBuildFile; fileRef = F728948C28AEACBB00BF125E /* ViewController.swift */; };
		F728949028AEACBB00BF125E /* Main.storyboard in Resources */ = {isa = PBXBuildFile; fileRef = F728948E28AEACBB00BF125E /* Main.storyboard */; };
		F728949228AEACBD00BF125E /* Assets.xcassets in Resources */ = {isa = PBXBuildFile; fileRef = F728949128AEACBD00BF125E /* Assets.xcassets */; };
		F728949528AEACBD00BF125E /* LaunchScreen.storyboard in Resources */ = {isa = PBXBuildFile; fileRef = F728949328AEACBD00BF125E /* LaunchScreen.storyboard */; };
		F73C9D4428AEADB300F9B54A /* CarPlaySceneDelegate.swift in Sources */ = {isa = PBXBuildFile; fileRef = F73C9D4328AEADB300F9B54A /* CarPlaySceneDelegate.swift */; };
/* End PBXBuildFile section */

/* Begin PBXFileReference section */
		7CBA6392A3E38361B3BCEB9C /* Pods_Carplay_Test.framework */ = {isa = PBXFileReference; explicitFileType = wrapper.framework; includeInIndex = 0; path = Pods_Carplay_Test.framework; sourceTree = BUILT_PRODUCTS_DIR; };
		B77D8571A1805DD70E63868F /* Pods-Carplay Test.release.xcconfig */ = {isa = PBXFileReference; includeInIndex = 1; lastKnownFileType = text.xcconfig; name = "Pods-Carplay Test.release.xcconfig"; path = "Target Support Files/Pods-Carplay Test/Pods-Carplay Test.release.xcconfig"; sourceTree = "<group>"; };
		F1081A7A2BD198B76FFCC32E /* Pods-Carplay Test.debug.xcconfig */ = {isa = PBXFileReference; includeInIndex = 1; lastKnownFileType = text.xcconfig; name = "Pods-Carplay Test.debug.xcconfig"; path = "Target Support Files/Pods-Carplay Test/Pods-Carplay Test.debug.xcconfig"; sourceTree = "<group>"; };
		F728948528AEACBB00BF125E /* Carplay Test.app */ = {isa = PBXFileReference; explicitFileType = wrapper.application; includeInIndex = 0; path = "Carplay Test.app"; sourceTree = BUILT_PRODUCTS_DIR; };
		F728948828AEACBB00BF125E /* AppDelegate.swift */ = {isa = PBXFileReference; lastKnownFileType = sourcecode.swift; path = AppDelegate.swift; sourceTree = "<group>"; };
		F728948A28AEACBB00BF125E /* SceneDelegate.swift */ = {isa = PBXFileReference; lastKnownFileType = sourcecode.swift; path = SceneDelegate.swift; sourceTree = "<group>"; };
		F728948C28AEACBB00BF125E /* ViewController.swift */ = {isa = PBXFileReference; lastKnownFileType = sourcecode.swift; path = ViewController.swift; sourceTree = "<group>"; };
		F728948F28AEACBB00BF125E /* Base */ = {isa = PBXFileReference; lastKnownFileType = file.storyboard; name = Base; path = Base.lproj/Main.storyboard; sourceTree = "<group>"; };
		F728949128AEACBD00BF125E /* Assets.xcassets */ = {isa = PBXFileReference; lastKnownFileType = folder.assetcatalog; path = Assets.xcassets; sourceTree = "<group>"; };
		F728949428AEACBD00BF125E /* Base */ = {isa = PBXFileReference; lastKnownFileType = file.storyboard; name = Base; path = Base.lproj/LaunchScreen.storyboard; sourceTree = "<group>"; };
		F728949628AEACBD00BF125E /* Info.plist */ = {isa = PBXFileReference; lastKnownFileType = text.plist.xml; path = Info.plist; sourceTree = "<group>"; };
		F73C9D4228AEAD5A00F9B54A /* Carplay Test.entitlements */ = {isa = PBXFileReference; lastKnownFileType = text.plist.entitlements; path = "Carplay Test.entitlements"; sourceTree = "<group>"; };
		F73C9D4328AEADB300F9B54A /* CarPlaySceneDelegate.swift */ = {isa = PBXFileReference; lastKnownFileType = sourcecode.swift; path = CarPlaySceneDelegate.swift; sourceTree = "<group>"; };
/* End PBXFileReference section */

/* Begin PBXFrameworksBuildPhase section */
		F728948228AEACBB00BF125E /* Frameworks */ = {
			isa = PBXFrameworksBuildPhase;
			buildActionMask = 2147483647;
			files = (
				A2C83081C7F611FFCB4485E6 /* Pods_Carplay_Test.framework in Frameworks */,
			);
			runOnlyForDeploymentPostprocessing = 0;
		};
/* End PBXFrameworksBuildPhase section */

/* Begin PBXGroup section */
		3588305624FE2B2A14694454 /* Frameworks */ = {
			isa = PBXGroup;
			children = (
				7CBA6392A3E38361B3BCEB9C /* Pods_Carplay_Test.framework */,
			);
			name = Frameworks;
			sourceTree = "<group>";
		};
		D0A2B0725AD5B9510B2DB522 /* Pods */ = {
			isa = PBXGroup;
			children = (
				F1081A7A2BD198B76FFCC32E /* Pods-Carplay Test.debug.xcconfig */,
				B77D8571A1805DD70E63868F /* Pods-Carplay Test.release.xcconfig */,
			);
			path = Pods;
			sourceTree = "<group>";
		};
		F728947C28AEACBB00BF125E = {
			isa = PBXGroup;
			children = (
				F728948728AEACBB00BF125E /* Carplay Test */,
				F728948628AEACBB00BF125E /* Products */,
				D0A2B0725AD5B9510B2DB522 /* Pods */,
				3588305624FE2B2A14694454 /* Frameworks */,
			);
			sourceTree = "<group>";
		};
		F728948628AEACBB00BF125E /* Products */ = {
			isa = PBXGroup;
			children = (
				F728948528AEACBB00BF125E /* Carplay Test.app */,
			);
			name = Products;
			sourceTree = "<group>";
		};
		F728948728AEACBB00BF125E /* Carplay Test */ = {
			isa = PBXGroup;
			children = (
				F73C9D4228AEAD5A00F9B54A /* Carplay Test.entitlements */,
				F728948828AEACBB00BF125E /* AppDelegate.swift */,
				F728948A28AEACBB00BF125E /* SceneDelegate.swift */,
				F728948C28AEACBB00BF125E /* ViewController.swift */,
				F728948E28AEACBB00BF125E /* Main.storyboard */,
				F728949128AEACBD00BF125E /* Assets.xcassets */,
				F728949328AEACBD00BF125E /* LaunchScreen.storyboard */,
				F728949628AEACBD00BF125E /* Info.plist */,
				F73C9D4328AEADB300F9B54A /* CarPlaySceneDelegate.swift */,
			);
			path = "Carplay Test";
			sourceTree = "<group>";
		};
/* End PBXGroup section */

/* Begin PBXNativeTarget section */
		F728948428AEACBB00BF125E /* Carplay Test */ = {
			isa = PBXNativeTarget;
			buildConfigurationList = F728949928AEACBD00BF125E /* Build configuration list for PBXNativeTarget "Carplay Test" */;
			buildPhases = (
				6403214AB940B0B5977E9A40 /* [CP] Check Pods Manifest.lock */,
				F728948128AEACBB00BF125E /* Sources */,
				F728948228AEACBB00BF125E /* Frameworks */,
				F728948328AEACBB00BF125E /* Resources */,
				C59CD989CAF0E4F8CB9191D6 /* [CP] Embed Pods Frameworks */,
			);
			buildRules = (
			);
			dependencies = (
			);
			name = "Carplay Test";
			productName = "Carplay Test";
			productReference = F728948528AEACBB00BF125E /* Carplay Test.app */;
			productType = "com.apple.product-type.application";
		};
/* End PBXNativeTarget section */

/* Begin PBXProject section */
		F728947D28AEACBB00BF125E /* Project object */ = {
			isa = PBXProject;
			attributes = {
				BuildIndependentTargetsInParallel = 1;
				LastSwiftUpdateCheck = 1340;
				LastUpgradeCheck = 1340;
				TargetAttributes = {
					F728948428AEACBB00BF125E = {
						CreatedOnToolsVersion = 13.4.1;
					};
				};
			};
			buildConfigurationList = F728948028AEACBB00BF125E /* Build configuration list for PBXProject "Carplay Test" */;
			compatibilityVersion = "Xcode 13.0";
			developmentRegion = en;
			hasScannedForEncodings = 0;
			knownRegions = (
				en,
				Base,
			);
			mainGroup = F728947C28AEACBB00BF125E;
			productRefGroup = F728948628AEACBB00BF125E /* Products */;
			projectDirPath = "";
			projectRoot = "";
			targets = (
				F728948428AEACBB00BF125E /* Carplay Test */,
			);
		};
/* End PBXProject section */

/* Begin PBXResourcesBuildPhase section */
		F728948328AEACBB00BF125E /* Resources */ = {
			isa = PBXResourcesBuildPhase;
			buildActionMask = 2147483647;
			files = (
				F728949528AEACBD00BF125E /* LaunchScreen.storyboard in Resources */,
				F728949228AEACBD00BF125E /* Assets.xcassets in Resources */,
				F728949028AEACBB00BF125E /* Main.storyboard in Resources */,
			);
			runOnlyForDeploymentPostprocessing = 0;
		};
/* End PBXResourcesBuildPhase section */

/* Begin PBXShellScriptBuildPhase section */
		6403214AB940B0B5977E9A40 /* [CP] Check Pods Manifest.lock */ = {
			isa = PBXShellScriptBuildPhase;
			buildActionMask = 2147483647;
			files = (
			);
			inputFileListPaths = (
			);
			inputPaths = (
				"${PODS_PODFILE_DIR_PATH}/Podfile.lock",
				"${PODS_ROOT}/Manifest.lock",
			);
			name = "[CP] Check Pods Manifest.lock";
			outputFileListPaths = (
			);
			outputPaths = (
				"$(DERIVED_FILE_DIR)/Pods-Carplay Test-checkManifestLockResult.txt",
			);
			runOnlyForDeploymentPostprocessing = 0;
			shellPath = /bin/sh;
			shellScript = "diff \"${PODS_PODFILE_DIR_PATH}/Podfile.lock\" \"${PODS_ROOT}/Manifest.lock\" > /dev/null\nif [ $? != 0 ] ; then\n    # print error to STDERR\n    echo \"error: The sandbox is not in sync with the Podfile.lock. Run 'pod install' or update your CocoaPods installation.\" >&2\n    exit 1\nfi\n# This output is used by Xcode 'outputs' to avoid re-running this script phase.\necho \"SUCCESS\" > \"${SCRIPT_OUTPUT_FILE_0}\"\n";
			showEnvVarsInLog = 0;
		};
		C59CD989CAF0E4F8CB9191D6 /* [CP] Embed Pods Frameworks */ = {
			isa = PBXShellScriptBuildPhase;
			buildActionMask = 2147483647;
			files = (
			);
			inputFileListPaths = (
				"${PODS_ROOT}/Target Support Files/Pods-Carplay Test/Pods-Carplay Test-frameworks-${CONFIGURATION}-input-files.xcfilelist",
			);
			name = "[CP] Embed Pods Frameworks";
			outputFileListPaths = (
				"${PODS_ROOT}/Target Support Files/Pods-Carplay Test/Pods-Carplay Test-frameworks-${CONFIGURATION}-output-files.xcfilelist",
			);
			runOnlyForDeploymentPostprocessing = 0;
			shellPath = /bin/sh;
			shellScript = "\"${PODS_ROOT}/Target Support Files/Pods-Carplay Test/Pods-Carplay Test-frameworks.sh\"\n";
			showEnvVarsInLog = 0;
		};
/* End PBXShellScriptBuildPhase section */

/* Begin PBXSourcesBuildPhase section */
		F728948128AEACBB00BF125E /* Sources */ = {
			isa = PBXSourcesBuildPhase;
			buildActionMask = 2147483647;
			files = (
				F728948D28AEACBB00BF125E /* ViewController.swift in Sources */,
				F728948928AEACBB00BF125E /* AppDelegate.swift in Sources */,
				F73C9D4428AEADB300F9B54A /* CarPlaySceneDelegate.swift in Sources */,
				F728948B28AEACBB00BF125E /* SceneDelegate.swift in Sources */,
			);
			runOnlyForDeploymentPostprocessing = 0;
		};
/* End PBXSourcesBuildPhase section */

/* Begin PBXVariantGroup section */
		F728948E28AEACBB00BF125E /* Main.storyboard */ = {
			isa = PBXVariantGroup;
			children = (
				F728948F28AEACBB00BF125E /* Base */,
			);
			name = Main.storyboard;
			sourceTree = "<group>";
		};
		F728949328AEACBD00BF125E /* LaunchScreen.storyboard */ = {
			isa = PBXVariantGroup;
			children = (
				F728949428AEACBD00BF125E /* Base */,
			);
			name = LaunchScreen.storyboard;
			sourceTree = "<group>";
		};
/* End PBXVariantGroup section */

/* Begin XCBuildConfiguration section */
		F728949728AEACBD00BF125E /* Debug */ = {
			isa = XCBuildConfiguration;
			buildSettings = {
				ALWAYS_SEARCH_USER_PATHS = NO;
				CLANG_ANALYZER_NONNULL = YES;
				CLANG_ANALYZER_NUMBER_OBJECT_CONVERSION = YES_AGGRESSIVE;
				CLANG_CXX_LANGUAGE_STANDARD = "gnu++17";
				CLANG_ENABLE_MODULES = YES;
				CLANG_ENABLE_OBJC_ARC = YES;
				CLANG_ENABLE_OBJC_WEAK = YES;
				CLANG_WARN_BLOCK_CAPTURE_AUTORELEASING = YES;
				CLANG_WARN_BOOL_CONVERSION = YES;
				CLANG_WARN_COMMA = YES;
				CLANG_WARN_CONSTANT_CONVERSION = YES;
				CLANG_WARN_DEPRECATED_OBJC_IMPLEMENTATIONS = YES;
				CLANG_WARN_DIRECT_OBJC_ISA_USAGE = YES_ERROR;
				CLANG_WARN_DOCUMENTATION_COMMENTS = YES;
				CLANG_WARN_EMPTY_BODY = YES;
				CLANG_WARN_ENUM_CONVERSION = YES;
				CLANG_WARN_INFINITE_RECURSION = YES;
				CLANG_WARN_INT_CONVERSION = YES;
				CLANG_WARN_NON_LITERAL_NULL_CONVERSION = YES;
				CLANG_WARN_OBJC_IMPLICIT_RETAIN_SELF = YES;
				CLANG_WARN_OBJC_LITERAL_CONVERSION = YES;
				CLANG_WARN_OBJC_ROOT_CLASS = YES_ERROR;
				CLANG_WARN_QUOTED_INCLUDE_IN_FRAMEWORK_HEADER = YES;
				CLANG_WARN_RANGE_LOOP_ANALYSIS = YES;
				CLANG_WARN_STRICT_PROTOTYPES = YES;
				CLANG_WARN_SUSPICIOUS_MOVE = YES;
				CLANG_WARN_UNGUARDED_AVAILABILITY = YES_AGGRESSIVE;
				CLANG_WARN_UNREACHABLE_CODE = YES;
				CLANG_WARN__DUPLICATE_METHOD_MATCH = YES;
				COPY_PHASE_STRIP = NO;
				DEBUG_INFORMATION_FORMAT = dwarf;
				ENABLE_STRICT_OBJC_MSGSEND = YES;
				ENABLE_TESTABILITY = YES;
				GCC_C_LANGUAGE_STANDARD = gnu11;
				GCC_DYNAMIC_NO_PIC = NO;
				GCC_NO_COMMON_BLOCKS = YES;
				GCC_OPTIMIZATION_LEVEL = 0;
				GCC_PREPROCESSOR_DEFINITIONS = (
					"DEBUG=1",
					"$(inherited)",
				);
				GCC_WARN_64_TO_32_BIT_CONVERSION = YES;
				GCC_WARN_ABOUT_RETURN_TYPE = YES_ERROR;
				GCC_WARN_UNDECLARED_SELECTOR = YES;
				GCC_WARN_UNINITIALIZED_AUTOS = YES_AGGRESSIVE;
				GCC_WARN_UNUSED_FUNCTION = YES;
				GCC_WARN_UNUSED_VARIABLE = YES;
				IPHONEOS_DEPLOYMENT_TARGET = 15.5;
				MTL_ENABLE_DEBUG_INFO = INCLUDE_SOURCE;
				MTL_FAST_MATH = YES;
				ONLY_ACTIVE_ARCH = YES;
				SDKROOT = iphoneos;
				SWIFT_ACTIVE_COMPILATION_CONDITIONS = DEBUG;
				SWIFT_OPTIMIZATION_LEVEL = "-Onone";
			};
			name = Debug;
		};
		F728949828AEACBD00BF125E /* Release */ = {
			isa = XCBuildConfiguration;
			buildSettings = {
				ALWAYS_SEARCH_USER_PATHS = NO;
				CLANG_ANALYZER_NONNULL = YES;
				CLANG_ANALYZER_NUMBER_OBJECT_CONVERSION = YES_AGGRESSIVE;
				CLANG_CXX_LANGUAGE_STANDARD = "gnu++17";
				CLANG_ENABLE_MODULES = YES;
				CLANG_ENABLE_OBJC_ARC = YES;
				CLANG_ENABLE_OBJC_WEAK = YES;
				CLANG_WARN_BLOCK_CAPTURE_AUTORELEASING = YES;
				CLANG_WARN_BOOL_CONVERSION = YES;
				CLANG_WARN_COMMA = YES;
				CLANG_WARN_CONSTANT_CONVERSION = YES;
				CLANG_WARN_DEPRECATED_OBJC_IMPLEMENTATIONS = YES;
				CLANG_WARN_DIRECT_OBJC_ISA_USAGE = YES_ERROR;
				CLANG_WARN_DOCUMENTATION_COMMENTS = YES;
				CLANG_WARN_EMPTY_BODY = YES;
				CLANG_WARN_ENUM_CONVERSION = YES;
				CLANG_WARN_INFINITE_RECURSION = YES;
				CLANG_WARN_INT_CONVERSION = YES;
				CLANG_WARN_NON_LITERAL_NULL_CONVERSION = YES;
				CLANG_WARN_OBJC_IMPLICIT_RETAIN_SELF = YES;
				CLANG_WARN_OBJC_LITERAL_CONVERSION = YES;
				CLANG_WARN_OBJC_ROOT_CLASS = YES_ERROR;
				CLANG_WARN_QUOTED_INCLUDE_IN_FRAMEWORK_HEADER = YES;
				CLANG_WARN_RANGE_LOOP_ANALYSIS = YES;
				CLANG_WARN_STRICT_PROTOTYPES = YES;
				CLANG_WARN_SUSPICIOUS_MOVE = YES;
				CLANG_WARN_UNGUARDED_AVAILABILITY = YES_AGGRESSIVE;
				CLANG_WARN_UNREACHABLE_CODE = YES;
				CLANG_WARN__DUPLICATE_METHOD_MATCH = YES;
				COPY_PHASE_STRIP = NO;
				DEBUG_INFORMATION_FORMAT = "dwarf-with-dsym";
				ENABLE_NS_ASSERTIONS = NO;
				ENABLE_STRICT_OBJC_MSGSEND = YES;
				GCC_C_LANGUAGE_STANDARD = gnu11;
				GCC_NO_COMMON_BLOCKS = YES;
				GCC_WARN_64_TO_32_BIT_CONVERSION = YES;
				GCC_WARN_ABOUT_RETURN_TYPE = YES_ERROR;
				GCC_WARN_UNDECLARED_SELECTOR = YES;
				GCC_WARN_UNINITIALIZED_AUTOS = YES_AGGRESSIVE;
				GCC_WARN_UNUSED_FUNCTION = YES;
				GCC_WARN_UNUSED_VARIABLE = YES;
				IPHONEOS_DEPLOYMENT_TARGET = 15.5;
				MTL_ENABLE_DEBUG_INFO = NO;
				MTL_FAST_MATH = YES;
				SDKROOT = iphoneos;
				SWIFT_COMPILATION_MODE = wholemodule;
				SWIFT_OPTIMIZATION_LEVEL = "-O";
				VALIDATE_PRODUCT = YES;
			};
			name = Release;
		};
		F728949A28AEACBD00BF125E /* Debug */ = {
			isa = XCBuildConfiguration;
			baseConfigurationReference = F1081A7A2BD198B76FFCC32E /* Pods-Carplay Test.debug.xcconfig */;
			buildSettings = {
				ASSETCATALOG_COMPILER_APPICON_NAME = AppIcon;
				ASSETCATALOG_COMPILER_GLOBAL_ACCENT_COLOR_NAME = AccentColor;
				CODE_SIGN_ENTITLEMENTS = "Carplay Test/Carplay Test.entitlements";
				CODE_SIGN_STYLE = Automatic;
				CURRENT_PROJECT_VERSION = 1;
				DEVELOPMENT_TEAM = 2Y3HA67VZD;
				GENERATE_INFOPLIST_FILE = YES;
				INFOPLIST_FILE = "Carplay Test/Info.plist";
				INFOPLIST_KEY_UIApplicationSceneManifest_Generation = YES;
				INFOPLIST_KEY_UIApplicationSupportsIndirectInputEvents = YES;
				INFOPLIST_KEY_UILaunchStoryboardName = LaunchScreen;
				INFOPLIST_KEY_UIMainStoryboardFile = Main;
				INFOPLIST_KEY_UISupportedInterfaceOrientations_iPad = "UIInterfaceOrientationPortrait UIInterfaceOrientationPortraitUpsideDown UIInterfaceOrientationLandscapeLeft UIInterfaceOrientationLandscapeRight";
				INFOPLIST_KEY_UISupportedInterfaceOrientations_iPhone = "UIInterfaceOrientationPortrait UIInterfaceOrientationLandscapeLeft UIInterfaceOrientationLandscapeRight";
				IPHONEOS_DEPLOYMENT_TARGET = 15.2;
				LD_RUNPATH_SEARCH_PATHS = (
					"$(inherited)",
					"@executable_path/Frameworks",
				);
				MARKETING_VERSION = 1.0;
				PRODUCT_BUNDLE_IDENTIFIER = your.bundle.identifier;
				PRODUCT_NAME = "$(TARGET_NAME)";
				SWIFT_EMIT_LOC_STRINGS = YES;
				SWIFT_VERSION = 5.0;
				TARGETED_DEVICE_FAMILY = "1,2";
			};
			name = Debug;
		};
		F728949B28AEACBD00BF125E /* Release */ = {
			isa = XCBuildConfiguration;
			baseConfigurationReference = B77D8571A1805DD70E63868F /* Pods-Carplay Test.release.xcconfig */;
			buildSettings = {
				ASSETCATALOG_COMPILER_APPICON_NAME = AppIcon;
				ASSETCATALOG_COMPILER_GLOBAL_ACCENT_COLOR_NAME = AccentColor;
				CODE_SIGN_ENTITLEMENTS = "Carplay Test/Carplay Test.entitlements";
				CODE_SIGN_STYLE = Automatic;
				CURRENT_PROJECT_VERSION = 1;
				DEVELOPMENT_TEAM = 2Y3HA67VZD;
				GENERATE_INFOPLIST_FILE = YES;
				INFOPLIST_FILE = "Carplay Test/Info.plist";
				INFOPLIST_KEY_UIApplicationSceneManifest_Generation = YES;
				INFOPLIST_KEY_UIApplicationSupportsIndirectInputEvents = YES;
				INFOPLIST_KEY_UILaunchStoryboardName = LaunchScreen;
				INFOPLIST_KEY_UIMainStoryboardFile = Main;
				INFOPLIST_KEY_UISupportedInterfaceOrientations_iPad = "UIInterfaceOrientationPortrait UIInterfaceOrientationPortraitUpsideDown UIInterfaceOrientationLandscapeLeft UIInterfaceOrientationLandscapeRight";
				INFOPLIST_KEY_UISupportedInterfaceOrientations_iPhone = "UIInterfaceOrientationPortrait UIInterfaceOrientationLandscapeLeft UIInterfaceOrientationLandscapeRight";
				IPHONEOS_DEPLOYMENT_TARGET = 15.2;
				LD_RUNPATH_SEARCH_PATHS = (
					"$(inherited)",
					"@executable_path/Frameworks",
				);
				MARKETING_VERSION = 1.0;
				PRODUCT_BUNDLE_IDENTIFIER = your.bundle.identifier;
				PRODUCT_NAME = "$(TARGET_NAME)";
				SWIFT_EMIT_LOC_STRINGS = YES;
				SWIFT_VERSION = 5.0;
				TARGETED_DEVICE_FAMILY = "1,2";
			};
			name = Release;
		};
/* End XCBuildConfiguration section */

/* Begin XCConfigurationList section */
		F728948028AEACBB00BF125E /* Build configuration list for PBXProject "Carplay Test" */ = {
			isa = XCConfigurationList;
			buildConfigurations = (
				F728949728AEACBD00BF125E /* Debug */,
				F728949828AEACBD00BF125E /* Release */,
			);
			defaultConfigurationIsVisible = 0;
			defaultConfigurationName = Release;
		};
		F728949928AEACBD00BF125E /* Build configuration list for PBXNativeTarget "Carplay Test" */ = {
			isa = XCConfigurationList;
			buildConfigurations = (
				F728949A28AEACBD00BF125E /* Debug */,
				F728949B28AEACBD00BF125E /* Release */,
			);
			defaultConfigurationIsVisible = 0;
			defaultConfigurationName = Release;
		};
/* End XCConfigurationList section */
	};
	rootObject = F728947D28AEACBB00BF125E /* Project object */;
}
